
Microsoft Visual Studio Solution File, Format Version 11.00
# Visual Studio 2010
Project("{FAE04EC0-301F-11D3-BF4B-00C04F79EFBC}") = "Paulo", "Paulo\Paulo\Paulo.csproj", "{048212BB-7B45-4F86-ACD7-BDC687C4A3FF}"
	ProjectSection(ProjectDependencies) = postProject
		{046697D5-E49B-41F7-8D84-63C2C430ED07} = {046697D5-E49B-41F7-8D84-63C2C430ED07}
	EndProjectSection
EndProject
Project("{FAE04EC0-301F-11D3-BF4B-00C04F79EFBC}") = "PauloContent", "Paulo\PauloContent\PauloContent.contentproj", "{AE4FC45D-7B4E-4EE7-BD2B-103F11BCADA8}"
EndProject
Project("{FAE04EC0-301F-11D3-BF4B-00C04F79EFBC}") = "ProjectBrazil", "..\ProjectBrazil\ProjectBrazil\ProjectBrazil.csproj", "{046697D5-E49B-41F7-8D84-63C2C430ED07}"
EndProject
Global
	GlobalSection(SolutionConfigurationPlatforms) = preSolution
		Debug|Any CPU = Debug|Any CPU
		Debug|Mixed Platforms = Debug|Mixed Platforms
		Debug|x86 = Debug|x86
		Release|Any CPU = Release|Any CPU
		Release|Mixed Platforms = Release|Mixed Platforms
		Release|x86 = Release|x86
	EndGlobalSection
	GlobalSection(ProjectConfigurationPlatforms) = postSolution
		{048212BB-7B45-4F86-ACD7-BDC687C4A3FF}.Debug|Any CPU.ActiveCfg = Debug|x86
		{048212BB-7B45-4F86-ACD7-BDC687C4A3FF}.Debug|Mixed Platforms.ActiveCfg = Debug|x86
		{048212BB-7B45-4F86-ACD7-BDC687C4A3FF}.Debug|Mixed Platforms.Build.0 = Debug|x86
		{048212BB-7B45-4F86-ACD7-BDC687C4A3FF}.Debug|x86.ActiveCfg = Debug|x86
		{048212BB-7B45-4F86-ACD7-BDC687C4A3FF}.Debug|x86.Build.0 = Debug|x86
		{048212BB-7B45-4F86-ACD7-BDC687C4A3FF}.Release|Any CPU.ActiveCfg = Release|x86
		{048212BB-7B45-4F86-ACD7-BDC687C4A3FF}.Release|Mixed Platforms.ActiveCfg = Release|x86
		{048212BB-7B45-4F86-ACD7-BDC687C4A3FF}.Release|Mixed Platforms.Build.0 = Release|x86
		{048212BB-7B45-4F86-ACD7-BDC687C4A3FF}.Release|x86.ActiveCfg = Release|x86
		{048212BB-7B45-4F86-ACD7-BDC687C4A3FF}.Release|x86.Build.0 = Release|x86
		{AE4FC45D-7B4E-4EE7-BD2B-103F11BCADA8}.Debug|Any CPU.ActiveCfg = Debug|x86
		{AE4FC45D-7B4E-4EE7-BD2B-103F11BCADA8}.Debug|Mixed Platforms.ActiveCfg = Debug|x86
		{AE4FC45D-7B4E-4EE7-BD2B-103F11BCADA8}.Debug|x86.ActiveCfg = Debug|x86
		{AE4FC45D-7B4E-4EE7-BD2B-103F11BCADA8}.Release|Any CPU.ActiveCfg = Release|x86
		{AE4FC45D-7B4E-4EE7-BD2B-103F11BCADA8}.Release|Mixed Platforms.ActiveCfg = Release|x86
		{AE4FC45D-7B4E-4EE7-BD2B-103F11BCADA8}.Release|x86.ActiveCfg = Release|x86
		{046697D5-E49B-41F7-8D84-63C2C430ED07}.Debug|Any CPU.ActiveCfg = Debug|Any CPU
		{046697D5-E49B-41F7-8D84-63C2C430ED07}.Debug|Any CPU.Build.0 = Debug|Any CPU
		{046697D5-E49B-41F7-8D84-63C2C430ED07}.Debug|Mixed Platforms.ActiveCfg = Debug|Any CPU
		{046697D5-E49B-41F7-8D84-63C2C430ED07}.Debug|Mixed Platforms.Build.0 = Debug|Any CPU
		{046697D5-E49B-41F7-8D84-63C2C430ED07}.Debug|x86.ActiveCfg = Debug|Any CPU
		{046697D5-E49B-41F7-8D84-63C2C430ED07}.Release|Any CPU.ActiveCfg = Release|Any CPU
		{046697D5-E49B-41F7-8D84-63C2C430ED07}.Release|Any CPU.Build.0 = Release|Any CPU
		{046697D5-E49B-41F7-8D84-63C2C430ED07}.Release|Mixed Platforms.ActiveCfg = Release|Any CPU
		{046697D5-E49B-41F7-8D84-63C2C430ED07}.Release|Mixed Platforms.Build.0 = Release|Any CPU
		{046697D5-E49B-41F7-8D84-63C2C430ED07}.Release|x86.ActiveCfg = Release|Any CPU
	EndGlobalSection
	GlobalSection(SolutionProperties) = preSolution
		HideSolutionNode = FALSE
	EndGlobalSection
EndGlobal
